
Microsoft Visual Studio Solution File, Format Version 12.00
# Visual Studio Version 17
VisualStudioVersion = 17.1.32210.238
MinimumVisualStudioVersion = 10.0.40219.1
Project("{FAE04EC0-301F-11D3-BF4B-00C04F79EFBC}") = "mq-dotnet", "mq-dotnet\mq-dotnet.csproj", "{AA8AED06-F21C-464A-91F4-4556CB968495}"
EndProject
Global
	GlobalSection(SolutionConfigurationPlatforms) = preSolution
		Debug|Any CPU = Debug|Any CPU
		Release|Any CPU = Release|Any CPU
	EndGlobalSection
	GlobalSection(ProjectConfigurationPlatforms) = postSolution
		{AA8AED06-F21C-464A-91F4-4556CB968495}.Debug|Any CPU.ActiveCfg = Debug|Any CPU
		{AA8AED06-F21C-464A-91F4-4556CB968495}.Debug|Any CPU.Build.0 = Debug|Any CPU
		{AA8AED06-F21C-464A-91F4-4556CB968495}.Release|Any CPU.ActiveCfg = Release|Any CPU
		{AA8AED06-F21C-464A-91F4-4556CB968495}.Release|Any CPU.Build.0 = Release|Any CPU
	EndGlobalSection
	GlobalSection(SolutionProperties) = preSolution
		HideSolutionNode = FALSE
	EndGlobalSection
	GlobalSection(ExtensibilityGlobals) = postSolution
		SolutionGuid = {00FF15E1-8629-45D8-A3C2-6BBD278D5176}
	EndGlobalSection
EndGlobal
